// !$*UTF8*$!
{
	archiveVersion = 1;
	classes = {
	};
	objectVersion = 46;
	objects = {

/* Begin PBXBuildFile section */
		1216EE8019B5C5E5009A0CBC /* Foundation.framework in Frameworks */ = {isa = PBXBuildFile; fileRef = 1216EE7F19B5C5E5009A0CBC /* Foundation.framework */; };
		1216EE8219B5C5E5009A0CBC /* CoreGraphics.framework in Frameworks */ = {isa = PBXBuildFile; fileRef = 1216EE8119B5C5E5009A0CBC /* CoreGraphics.framework */; };
		1216EE8419B5C5E5009A0CBC /* UIKit.framework in Frameworks */ = {isa = PBXBuildFile; fileRef = 1216EE8319B5C5E5009A0CBC /* UIKit.framework */; };
		1216EE8619B5C5E5009A0CBC /* CoreData.framework in Frameworks */ = {isa = PBXBuildFile; fileRef = 1216EE8519B5C5E5009A0CBC /* CoreData.framework */; };
		1216EE8C19B5C5E5009A0CBC /* InfoPlist.strings in Resources */ = {isa = PBXBuildFile; fileRef = 1216EE8A19B5C5E5009A0CBC /* InfoPlist.strings */; };
		1216EE8E19B5C5E5009A0CBC /* main.m in Sources */ = {isa = PBXBuildFile; fileRef = 1216EE8D19B5C5E5009A0CBC /* main.m */; };
		1216EE9219B5C5E5009A0CBC /* BNAppDelegate.m in Sources */ = {isa = PBXBuildFile; fileRef = 1216EE9119B5C5E5009A0CBC /* BNAppDelegate.m */; };
		1216EE9519B5C5E5009A0CBC /* Main.storyboard in Resources */ = {isa = PBXBuildFile; fileRef = 1216EE9319B5C5E5009A0CBC /* Main.storyboard */; };
		1216EE9819B5C5E5009A0CBC /* Brutto_Netto_Rechner.xcdatamodeld in Sources */ = {isa = PBXBuildFile; fileRef = 1216EE9619B5C5E5009A0CBC /* Brutto_Netto_Rechner.xcdatamodeld */; };
		1216EE9B19B5C5E5009A0CBC /* BNMasterViewController.m in Sources */ = {isa = PBXBuildFile; fileRef = 1216EE9A19B5C5E5009A0CBC /* BNMasterViewController.m */; };
		1216EE9E19B5C5E5009A0CBC /* BNDetailViewController.m in Sources */ = {isa = PBXBuildFile; fileRef = 1216EE9D19B5C5E5009A0CBC /* BNDetailViewController.m */; };
		1216EEA019B5C5E5009A0CBC /* Images.xcassets in Resources */ = {isa = PBXBuildFile; fileRef = 1216EE9F19B5C5E5009A0CBC /* Images.xcassets */; };
		1216EEA719B5C5E6009A0CBC /* XCTest.framework in Frameworks */ = {isa = PBXBuildFile; fileRef = 1216EEA619B5C5E6009A0CBC /* XCTest.framework */; };
		1216EEA819B5C5E6009A0CBC /* Foundation.framework in Frameworks */ = {isa = PBXBuildFile; fileRef = 1216EE7F19B5C5E5009A0CBC /* Foundation.framework */; };
		1216EEA919B5C5E6009A0CBC /* UIKit.framework in Frameworks */ = {isa = PBXBuildFile; fileRef = 1216EE8319B5C5E5009A0CBC /* UIKit.framework */; };
		1216EEAA19B5C5E6009A0CBC /* CoreData.framework in Frameworks */ = {isa = PBXBuildFile; fileRef = 1216EE8519B5C5E5009A0CBC /* CoreData.framework */; };
		1216EEB219B5C5E6009A0CBC /* InfoPlist.strings in Resources */ = {isa = PBXBuildFile; fileRef = 1216EEB019B5C5E6009A0CBC /* InfoPlist.strings */; };
		1216EEB419B5C5E6009A0CBC /* Brutto_Netto_RechnerTests.m in Sources */ = {isa = PBXBuildFile; fileRef = 1216EEB319B5C5E6009A0CBC /* Brutto_Netto_RechnerTests.m */; };
/* End PBXBuildFile section */

/* Begin PBXContainerItemProxy section */
		1216EEAB19B5C5E6009A0CBC /* PBXContainerItemProxy */ = {
			isa = PBXContainerItemProxy;
			containerPortal = 1216EE7419B5C5E5009A0CBC /* Project object */;
			proxyType = 1;
			remoteGlobalIDString = 1216EE7B19B5C5E5009A0CBC;
			remoteInfo = "Brutto-Netto-Rechner";
		};
/* End PBXContainerItemProxy section */

/* Begin PBXFileReference section */
		1216EE7C19B5C5E5009A0CBC /* Brutto-Netto-Rechner.app */ = {isa = PBXFileReference; explicitFileType = wrapper.application; includeInIndex = 0; path = "Brutto-Netto-Rechner.app"; sourceTree = BUILT_PRODUCTS_DIR; };
		1216EE7F19B5C5E5009A0CBC /* Foundation.framework */ = {isa = PBXFileReference; lastKnownFileType = wrapper.framework; name = Foundation.framework; path = System/Library/Frameworks/Foundation.framework; sourceTree = SDKROOT; };
		1216EE8119B5C5E5009A0CBC /* CoreGraphics.framework */ = {isa = PBXFileReference; lastKnownFileType = wrapper.framework; name = CoreGraphics.framework; path = System/Library/Frameworks/CoreGraphics.framework; sourceTree = SDKROOT; };
		1216EE8319B5C5E5009A0CBC /* UIKit.framework */ = {isa = PBXFileReference; lastKnownFileType = wrapper.framework; name = UIKit.framework; path = System/Library/Frameworks/UIKit.framework; sourceTree = SDKROOT; };
		1216EE8519B5C5E5009A0CBC /* CoreData.framework */ = {isa = PBXFileReference; lastKnownFileType = wrapper.framework; name = CoreData.framework; path = System/Library/Frameworks/CoreData.framework; sourceTree = SDKROOT; };
		1216EE8919B5C5E5009A0CBC /* Brutto-Netto-Rechner-Info.plist */ = {isa = PBXFileReference; lastKnownFileType = text.plist.xml; path = "Brutto-Netto-Rechner-Info.plist"; sourceTree = "<group>"; };
		1216EE8B19B5C5E5009A0CBC /* en */ = {isa = PBXFileReference; lastKnownFileType = text.plist.strings; name = en; path = en.lproj/InfoPlist.strings; sourceTree = "<group>"; };
		1216EE8D19B5C5E5009A0CBC /* main.m */ = {isa = PBXFileReference; lastKnownFileType = sourcecode.c.objc; path = main.m; sourceTree = "<group>"; };
		1216EE8F19B5C5E5009A0CBC /* Brutto-Netto-Rechner-Prefix.pch */ = {isa = PBXFileReference; lastKnownFileType = sourcecode.c.h; path = "Brutto-Netto-Rechner-Prefix.pch"; sourceTree = "<group>"; };
		1216EE9019B5C5E5009A0CBC /* BNAppDelegate.h */ = {isa = PBXFileReference; lastKnownFileType = sourcecode.c.h; path = BNAppDelegate.h; sourceTree = "<group>"; };
		1216EE9119B5C5E5009A0CBC /* BNAppDelegate.m */ = {isa = PBXFileReference; lastKnownFileType = sourcecode.c.objc; path = BNAppDelegate.m; sourceTree = "<group>"; };
		1216EE9419B5C5E5009A0CBC /* Base */ = {isa = PBXFileReference; lastKnownFileType = file.storyboard; name = Base; path = Base.lproj/Main.storyboard; sourceTree = "<group>"; };
		1216EE9719B5C5E5009A0CBC /* Brutto_Netto_Rechner.xcdatamodel */ = {isa = PBXFileReference; lastKnownFileType = wrapper.xcdatamodel; path = Brutto_Netto_Rechner.xcdatamodel; sourceTree = "<group>"; };
		1216EE9919B5C5E5009A0CBC /* BNMasterViewController.h */ = {isa = PBXFileReference; lastKnownFileType = sourcecode.c.h; path = BNMasterViewController.h; sourceTree = "<group>"; };
		1216EE9A19B5C5E5009A0CBC /* BNMasterViewController.m */ = {isa = PBXFileReference; lastKnownFileType = sourcecode.c.objc; path = BNMasterViewController.m; sourceTree = "<group>"; };
		1216EE9C19B5C5E5009A0CBC /* BNDetailViewController.h */ = {isa = PBXFileReference; lastKnownFileType = sourcecode.c.h; path = BNDetailViewController.h; sourceTree = "<group>"; };
		1216EE9D19B5C5E5009A0CBC /* BNDetailViewController.m */ = {isa = PBXFileReference; lastKnownFileType = sourcecode.c.objc; path = BNDetailViewController.m; sourceTree = "<group>"; };
		1216EE9F19B5C5E5009A0CBC /* Images.xcassets */ = {isa = PBXFileReference; lastKnownFileType = folder.assetcatalog; path = Images.xcassets; sourceTree = "<group>"; };
		1216EEA519B5C5E6009A0CBC /* Brutto-Netto-RechnerTests.xctest */ = {isa = PBXFileReference; explicitFileType = wrapper.cfbundle; includeInIndex = 0; path = "Brutto-Netto-RechnerTests.xctest"; sourceTree = BUILT_PRODUCTS_DIR; };
		1216EEA619B5C5E6009A0CBC /* XCTest.framework */ = {isa = PBXFileReference; lastKnownFileType = wrapper.framework; name = XCTest.framework; path = Library/Frameworks/XCTest.framework; sourceTree = DEVELOPER_DIR; };
		1216EEAF19B5C5E6009A0CBC /* Brutto-Netto-RechnerTests-Info.plist */ = {isa = PBXFileReference; lastKnownFileType = text.plist.xml; path = "Brutto-Netto-RechnerTests-Info.plist"; sourceTree = "<group>"; };
		1216EEB119B5C5E6009A0CBC /* en */ = {isa = PBXFileReference; lastKnownFileType = text.plist.strings; name = en; path = en.lproj/InfoPlist.strings; sourceTree = "<group>"; };
		1216EEB319B5C5E6009A0CBC /* Brutto_Netto_RechnerTests.m */ = {isa = PBXFileReference; lastKnownFileType = sourcecode.c.objc; path = Brutto_Netto_RechnerTests.m; sourceTree = "<group>"; };
/* End PBXFileReference section */

/* Begin PBXFrameworksBuildPhase section */
		1216EE7919B5C5E5009A0CBC /* Frameworks */ = {
			isa = PBXFrameworksBuildPhase;
			buildActionMask = 2147483647;
			files = (
				1216EE8219B5C5E5009A0CBC /* CoreGraphics.framework in Frameworks */,
				1216EE8619B5C5E5009A0CBC /* CoreData.framework in Frameworks */,
				1216EE8419B5C5E5009A0CBC /* UIKit.framework in Frameworks */,
				1216EE8019B5C5E5009A0CBC /* Foundation.framework in Frameworks */,
			);
			runOnlyForDeploymentPostprocessing = 0;
		};
		1216EEA219B5C5E6009A0CBC /* Frameworks */ = {
			isa = PBXFrameworksBuildPhase;
			buildActionMask = 2147483647;
			files = (
				1216EEA719B5C5E6009A0CBC /* XCTest.framework in Frameworks */,
				1216EEAA19B5C5E6009A0CBC /* CoreData.framework in Frameworks */,
				1216EEA919B5C5E6009A0CBC /* UIKit.framework in Frameworks */,
				1216EEA819B5C5E6009A0CBC /* Foundation.framework in Frameworks */,
			);
			runOnlyForDeploymentPostprocessing = 0;
		};
/* End PBXFrameworksBuildPhase section */

/* Begin PBXGroup section */
		1216EE7319B5C5E5009A0CBC = {
			isa = PBXGroup;
			children = (
				1216EE8719B5C5E5009A0CBC /* Brutto-Netto-Rechner */,
				1216EEAD19B5C5E6009A0CBC /* Brutto-Netto-RechnerTests */,
				1216EE7E19B5C5E5009A0CBC /* Frameworks */,
				1216EE7D19B5C5E5009A0CBC /* Products */,
			);
			sourceTree = "<group>";
		};
		1216EE7D19B5C5E5009A0CBC /* Products */ = {
			isa = PBXGroup;
			children = (
				1216EE7C19B5C5E5009A0CBC /* Brutto-Netto-Rechner.app */,
				1216EEA519B5C5E6009A0CBC /* Brutto-Netto-RechnerTests.xctest */,
			);
			name = Products;
			sourceTree = "<group>";
		};
		1216EE7E19B5C5E5009A0CBC /* Frameworks */ = {
			isa = PBXGroup;
			children = (
				1216EE7F19B5C5E5009A0CBC /* Foundation.framework */,
				1216EE8119B5C5E5009A0CBC /* CoreGraphics.framework */,
				1216EE8319B5C5E5009A0CBC /* UIKit.framework */,
				1216EE8519B5C5E5009A0CBC /* CoreData.framework */,
				1216EEA619B5C5E6009A0CBC /* XCTest.framework */,
			);
			name = Frameworks;
			sourceTree = "<group>";
		};
		1216EE8719B5C5E5009A0CBC /* Brutto-Netto-Rechner */ = {
			isa = PBXGroup;
			children = (
				1216EE9019B5C5E5009A0CBC /* BNAppDelegate.h */,
				1216EE9119B5C5E5009A0CBC /* BNAppDelegate.m */,
				1216EE9319B5C5E5009A0CBC /* Main.storyboard */,
				1216EE9919B5C5E5009A0CBC /* BNMasterViewController.h */,
				1216EE9A19B5C5E5009A0CBC /* BNMasterViewController.m */,
				1216EE9C19B5C5E5009A0CBC /* BNDetailViewController.h */,
				1216EE9D19B5C5E5009A0CBC /* BNDetailViewController.m */,
				1216EE9F19B5C5E5009A0CBC /* Images.xcassets */,
				1216EE9619B5C5E5009A0CBC /* Brutto_Netto_Rechner.xcdatamodeld */,
				1216EE8819B5C5E5009A0CBC /* Supporting Files */,
			);
			path = "Brutto-Netto-Rechner";
			sourceTree = "<group>";
		};
		1216EE8819B5C5E5009A0CBC /* Supporting Files */ = {
			isa = PBXGroup;
			children = (
				1216EE8919B5C5E5009A0CBC /* Brutto-Netto-Rechner-Info.plist */,
				1216EE8A19B5C5E5009A0CBC /* InfoPlist.strings */,
				1216EE8D19B5C5E5009A0CBC /* main.m */,
				1216EE8F19B5C5E5009A0CBC /* Brutto-Netto-Rechner-Prefix.pch */,
			);
			name = "Supporting Files";
			sourceTree = "<group>";
		};
		1216EEAD19B5C5E6009A0CBC /* Brutto-Netto-RechnerTests */ = {
			isa = PBXGroup;
			children = (
				1216EEB319B5C5E6009A0CBC /* Brutto_Netto_RechnerTests.m */,
				1216EEAE19B5C5E6009A0CBC /* Supporting Files */,
			);
			path = "Brutto-Netto-RechnerTests";
			sourceTree = "<group>";
		};
		1216EEAE19B5C5E6009A0CBC /* Supporting Files */ = {
			isa = PBXGroup;
			children = (
				1216EEAF19B5C5E6009A0CBC /* Brutto-Netto-RechnerTests-Info.plist */,
				1216EEB019B5C5E6009A0CBC /* InfoPlist.strings */,
			);
			name = "Supporting Files";
			sourceTree = "<group>";
		};
/* End PBXGroup section */

/* Begin PBXNativeTarget section */
		1216EE7B19B5C5E5009A0CBC /* Brutto-Netto-Rechner */ = {
			isa = PBXNativeTarget;
			buildConfigurationList = 1216EEB719B5C5E6009A0CBC /* Build configuration list for PBXNativeTarget "Brutto-Netto-Rechner" */;
			buildPhases = (
				1216EE7819B5C5E5009A0CBC /* Sources */,
				1216EE7919B5C5E5009A0CBC /* Frameworks */,
				1216EE7A19B5C5E5009A0CBC /* Resources */,
			);
			buildRules = (
			);
			dependencies = (
			);
			name = "Brutto-Netto-Rechner";
			productName = "Brutto-Netto-Rechner";
			productReference = 1216EE7C19B5C5E5009A0CBC /* Brutto-Netto-Rechner.app */;
			productType = "com.apple.product-type.application";
		};
		1216EEA419B5C5E6009A0CBC /* Brutto-Netto-RechnerTests */ = {
			isa = PBXNativeTarget;
			buildConfigurationList = 1216EEBA19B5C5E6009A0CBC /* Build configuration list for PBXNativeTarget "Brutto-Netto-RechnerTests" */;
			buildPhases = (
				1216EEA119B5C5E6009A0CBC /* Sources */,
				1216EEA219B5C5E6009A0CBC /* Frameworks */,
				1216EEA319B5C5E6009A0CBC /* Resources */,
			);
			buildRules = (
			);
			dependencies = (
				1216EEAC19B5C5E6009A0CBC /* PBXTargetDependency */,
			);
			name = "Brutto-Netto-RechnerTests";
			productName = "Brutto-Netto-RechnerTests";
			productReference = 1216EEA519B5C5E6009A0CBC /* Brutto-Netto-RechnerTests.xctest */;
			productType = "com.apple.product-type.bundle.unit-test";
		};
/* End PBXNativeTarget section */

/* Begin PBXProject section */
		1216EE7419B5C5E5009A0CBC /* Project object */ = {
			isa = PBXProject;
			attributes = {
				CLASSPREFIX = BN;
				LastUpgradeCheck = 0510;
				ORGANIZATIONNAME = "QSoft-Factory | Pavel Ermolin";
				TargetAttributes = {
					1216EEA419B5C5E6009A0CBC = {
						TestTargetID = 1216EE7B19B5C5E5009A0CBC;
					};
				};
			};
			buildConfigurationList = 1216EE7719B5C5E5009A0CBC /* Build configuration list for PBXProject "Brutto-Netto-Rechner" */;
			compatibilityVersion = "Xcode 3.2";
			developmentRegion = English;
			hasScannedForEncodings = 0;
			knownRegions = (
				en,
				Base,
			);
			mainGroup = 1216EE7319B5C5E5009A0CBC;
			productRefGroup = 1216EE7D19B5C5E5009A0CBC /* Products */;
			projectDirPath = "";
			projectRoot = "";
			targets = (
				1216EE7B19B5C5E5009A0CBC /* Brutto-Netto-Rechner */,
				1216EEA419B5C5E6009A0CBC /* Brutto-Netto-RechnerTests */,
			);
		};
/* End PBXProject section */

/* Begin PBXResourcesBuildPhase section */
		1216EE7A19B5C5E5009A0CBC /* Resources */ = {
			isa = PBXResourcesBuildPhase;
			buildActionMask = 2147483647;
			files = (
				1216EEA019B5C5E5009A0CBC /* Images.xcassets in Resources */,
				1216EE8C19B5C5E5009A0CBC /* InfoPlist.strings in Resources */,
				1216EE9519B5C5E5009A0CBC /* Main.storyboard in Resources */,
			);
			runOnlyForDeploymentPostprocessing = 0;
		};
		1216EEA319B5C5E6009A0CBC /* Resources */ = {
			isa = PBXResourcesBuildPhase;
			buildActionMask = 2147483647;
			files = (
				1216EEB219B5C5E6009A0CBC /* InfoPlist.strings in Resources */,
			);
			runOnlyForDeploymentPostprocessing = 0;
		};
/* End PBXResourcesBuildPhase section */

/* Begin PBXSourcesBuildPhase section */
		1216EE7819B5C5E5009A0CBC /* Sources */ = {
			isa = PBXSourcesBuildPhase;
			buildActionMask = 2147483647;
			files = (
				1216EE9819B5C5E5009A0CBC /* Brutto_Netto_Rechner.xcdatamodeld in Sources */,
				1216EE9E19B5C5E5009A0CBC /* BNDetailViewController.m in Sources */,
				1216EE9219B5C5E5009A0CBC /* BNAppDelegate.m in Sources */,
				1216EE9B19B5C5E5009A0CBC /* BNMasterViewController.m in Sources */,
				1216EE8E19B5C5E5009A0CBC /* main.m in Sources */,
			);
			runOnlyForDeploymentPostprocessing = 0;
		};
		1216EEA119B5C5E6009A0CBC /* Sources */ = {
			isa = PBXSourcesBuildPhase;
			buildActionMask = 2147483647;
			files = (
				1216EEB419B5C5E6009A0CBC /* Brutto_Netto_RechnerTests.m in Sources */,
			);
			runOnlyForDeploymentPostprocessing = 0;
		};
/* End PBXSourcesBuildPhase section */

/* Begin PBXTargetDependency section */
		1216EEAC19B5C5E6009A0CBC /* PBXTargetDependency */ = {
			isa = PBXTargetDependency;
			target = 1216EE7B19B5C5E5009A0CBC /* Brutto-Netto-Rechner */;
			targetProxy = 1216EEAB19B5C5E6009A0CBC /* PBXContainerItemProxy */;
		};
/* End PBXTargetDependency section */

/* Begin PBXVariantGroup section */
		1216EE8A19B5C5E5009A0CBC /* InfoPlist.strings */ = {
			isa = PBXVariantGroup;
			children = (
				1216EE8B19B5C5E5009A0CBC /* en */,
			);
			name = InfoPlist.strings;
			sourceTree = "<group>";
		};
		1216EE9319B5C5E5009A0CBC /* Main.storyboard */ = {
			isa = PBXVariantGroup;
			children = (
				1216EE9419B5C5E5009A0CBC /* Base */,
			);
			name = Main.storyboard;
			sourceTree = "<group>";
		};
		1216EEB019B5C5E6009A0CBC /* InfoPlist.strings */ = {
			isa = PBXVariantGroup;
			children = (
				1216EEB119B5C5E6009A0CBC /* en */,
			);
			name = InfoPlist.strings;
			sourceTree = "<group>";
		};
/* End PBXVariantGroup section */

/* Begin XCBuildConfiguration section */
		1216EEB519B5C5E6009A0CBC /* Debug */ = {
			isa = XCBuildConfiguration;
			buildSettings = {
				ALWAYS_SEARCH_USER_PATHS = NO;
				CLANG_CXX_LANGUAGE_STANDARD = "gnu++0x";
				CLANG_CXX_LIBRARY = "libc++";
				CLANG_ENABLE_MODULES = YES;
				CLANG_ENABLE_OBJC_ARC = YES;
				CLANG_WARN_BOOL_CONVERSION = YES;
				CLANG_WARN_CONSTANT_CONVERSION = YES;
				CLANG_WARN_DIRECT_OBJC_ISA_USAGE = YES_ERROR;
				CLANG_WARN_EMPTY_BODY = YES;
				CLANG_WARN_ENUM_CONVERSION = YES;
				CLANG_WARN_INT_CONVERSION = YES;
				CLANG_WARN_OBJC_ROOT_CLASS = YES_ERROR;
				CLANG_WARN__DUPLICATE_METHOD_MATCH = YES;
				"CODE_SIGN_IDENTITY[sdk=iphoneos*]" = "iPhone Developer";
				COPY_PHASE_STRIP = NO;
				GCC_C_LANGUAGE_STANDARD = gnu99;
				GCC_DYNAMIC_NO_PIC = NO;
				GCC_OPTIMIZATION_LEVEL = 0;
				GCC_PREPROCESSOR_DEFINITIONS = (
					"DEBUG=1",
					"$(inherited)",
				);
				GCC_SYMBOLS_PRIVATE_EXTERN = NO;
				GCC_WARN_64_TO_32_BIT_CONVERSION = YES;
				GCC_WARN_ABOUT_RETURN_TYPE = YES_ERROR;
				GCC_WARN_UNDECLARED_SELECTOR = YES;
				GCC_WARN_UNINITIALIZED_AUTOS = YES_AGGRESSIVE;
				GCC_WARN_UNUSED_FUNCTION = YES;
				GCC_WARN_UNUSED_VARIABLE = YES;
				IPHONEOS_DEPLOYMENT_TARGET = 7.1;
				ONLY_ACTIVE_ARCH = YES;
				SDKROOT = iphoneos;
			};
			name = Debug;
		};
		1216EEB619B5C5E6009A0CBC /* Release */ = {
			isa = XCBuildConfiguration;
			buildSettings = {
				ALWAYS_SEARCH_USER_PATHS = NO;
				CLANG_CXX_LANGUAGE_STANDARD = "gnu++0x";
				CLANG_CXX_LIBRARY = "libc++";
				CLANG_ENABLE_MODULES = YES;
				CLANG_ENABLE_OBJC_ARC = YES;
				CLANG_WARN_BOOL_CONVERSION = YES;
				CLANG_WARN_CONSTANT_CONVERSION = YES;
				CLANG_WARN_DIRECT_OBJC_ISA_USAGE = YES_ERROR;
				CLANG_WARN_EMPTY_BODY = YES;
				CLANG_WARN_ENUM_CONVERSION = YES;
				CLANG_WARN_INT_CONVERSION = YES;
				CLANG_WARN_OBJC_ROOT_CLASS = YES_ERROR;
				CLANG_WARN__DUPLICATE_METHOD_MATCH = YES;
				"CODE_SIGN_IDENTITY[sdk=iphoneos*]" = "iPhone Developer";
				COPY_PHASE_STRIP = YES;
				ENABLE_NS_ASSERTIONS = NO;
				GCC_C_LANGUAGE_STANDARD = gnu99;
				GCC_WARN_64_TO_32_BIT_CONVERSION = YES;
				GCC_WARN_ABOUT_RETURN_TYPE = YES_ERROR;
				GCC_WARN_UNDECLARED_SELECTOR = YES;
				GCC_WARN_UNINITIALIZED_AUTOS = YES_AGGRESSIVE;
				GCC_WARN_UNUSED_FUNCTION = YES;
				GCC_WARN_UNUSED_VARIABLE = YES;
				IPHONEOS_DEPLOYMENT_TARGET = 7.1;
				SDKROOT = iphoneos;
				VALIDATE_PRODUCT = YES;
			};
			name = Release;
		};
		1216EEB819B5C5E6009A0CBC /* Debug */ = {
			isa = XCBuildConfiguration;
			buildSettings = {
				ASSETCATALOG_COMPILER_APPICON_NAME = AppIcon;
				ASSETCATALOG_COMPILER_LAUNCHIMAGE_NAME = LaunchImage;
				GCC_PRECOMPILE_PREFIX_HEADER = YES;
				GCC_PREFIX_HEADER = "Brutto-Netto-Rechner/Brutto-Netto-Rechner-Prefix.pch";
				INFOPLIST_FILE = "Brutto-Netto-Rechner/Brutto-Netto-Rechner-Info.plist";
				PRODUCT_NAME = "$(TARGET_NAME)";
				WRAPPER_EXTENSION = app;
			};
			name = Debug;
		};
		1216EEB919B5C5E6009A0CBC /* Release */ = {
			isa = XCBuildConfiguration;
			buildSettings = {
				ASSETCATALOG_COMPILER_APPICON_NAME = AppIcon;
				ASSETCATALOG_COMPILER_LAUNCHIMAGE_NAME = LaunchImage;
				GCC_PRECOMPILE_PREFIX_HEADER = YES;
				GCC_PREFIX_HEADER = "Brutto-Netto-Rechner/Brutto-Netto-Rechner-Prefix.pch";
				INFOPLIST_FILE = "Brutto-Netto-Rechner/Brutto-Netto-Rechner-Info.plist";
				PRODUCT_NAME = "$(TARGET_NAME)";
				WRAPPER_EXTENSION = app;
			};
			name = Release;
		};
		1216EEBB19B5C5E6009A0CBC /* Debug */ = {
			isa = XCBuildConfiguration;
			buildSettings = {
				BUNDLE_LOADER = "$(BUILT_PRODUCTS_DIR)/Brutto-Netto-Rechner.app/Brutto-Netto-Rechner";
				FRAMEWORK_SEARCH_PATHS = (
					"$(SDKROOT)/Developer/Library/Frameworks",
					"$(inherited)",
					"$(DEVELOPER_FRAMEWORKS_DIR)",
				);
				GCC_PRECOMPILE_PREFIX_HEADER = YES;
				GCC_PREFIX_HEADER = "Brutto-Netto-Rechner/Brutto-Netto-Rechner-Prefix.pch";
				GCC_PREPROCESSOR_DEFINITIONS = (
					"DEBUG=1",
					"$(inherited)",
				);
				INFOPLIST_FILE = "Brutto-Netto-RechnerTests/Brutto-Netto-RechnerTests-Info.plist";
				PRODUCT_NAME = "$(TARGET_NAME)";
				TEST_HOST = "$(BUNDLE_LOADER)";
				WRAPPER_EXTENSION = xctest;
			};
			name = Debug;
		};
		1216EEBC19B5C5E6009A0CBC /* Release */ = {
			isa = XCBuildConfiguration;
			buildSettings = {
				BUNDLE_LOADER = "$(BUILT_PRODUCTS_DIR)/Brutto-Netto-Rechner.app/Brutto-Netto-Rechner";
				FRAMEWORK_SEARCH_PATHS = (
					"$(SDKROOT)/Developer/Library/Frameworks",
					"$(inherited)",
					"$(DEVELOPER_FRAMEWORKS_DIR)",
				);
				GCC_PRECOMPILE_PREFIX_HEADER = YES;
				GCC_PREFIX_HEADER = "Brutto-Netto-Rechner/Brutto-Netto-Rechner-Prefix.pch";
				INFOPLIST_FILE = "Brutto-Netto-RechnerTests/Brutto-Netto-RechnerTests-Info.plist";
				PRODUCT_NAME = "$(TARGET_NAME)";
				TEST_HOST = "$(BUNDLE_LOADER)";
				WRAPPER_EXTENSION = xctest;
			};
			name = Release;
		};
/* End XCBuildConfiguration section */

/* Begin XCConfigurationList section */
		1216EE7719B5C5E5009A0CBC /* Build configuration list for PBXProject "Brutto-Netto-Rechner" */ = {
			isa = XCConfigurationList;
			buildConfigurations = (
				1216EEB519B5C5E6009A0CBC /* Debug */,
				1216EEB619B5C5E6009A0CBC /* Release */,
			);
			defaultConfigurationIsVisible = 0;
			defaultConfigurationName = Release;
		};
		1216EEB719B5C5E6009A0CBC /* Build configuration list for PBXNativeTarget "Brutto-Netto-Rechner" */ = {
			isa = XCConfigurationList;
			buildConfigurations = (
				1216EEB819B5C5E6009A0CBC /* Debug */,
				1216EEB919B5C5E6009A0CBC /* Release */,
			);
			defaultConfigurationIsVisible = 0;
		};
		1216EEBA19B5C5E6009A0CBC /* Build configuration list for PBXNativeTarget "Brutto-Netto-RechnerTests" */ = {
			isa = XCConfigurationList;
			buildConfigurations = (
				1216EEBB19B5C5E6009A0CBC /* Debug */,
				1216EEBC19B5C5E6009A0CBC /* Release */,
			);
			defaultConfigurationIsVisible = 0;
		};
/* End XCConfigurationList section */

/* Begin XCVersionGroup section */
		1216EE9619B5C5E5009A0CBC /* Brutto_Netto_Rechner.xcdatamodeld */ = {
			isa = XCVersionGroup;
			children = (
				1216EE9719B5C5E5009A0CBC /* Brutto_Netto_Rechner.xcdatamodel */,
			);
			currentVersion = 1216EE9719B5C5E5009A0CBC /* Brutto_Netto_Rechner.xcdatamodel */;
			path = Brutto_Netto_Rechner.xcdatamodeld;
			sourceTree = "<group>";
			versionGroupType = wrapper.xcdatamodel;
		};
/* End XCVersionGroup section */
	};
	rootObject = 1216EE7419B5C5E5009A0CBC /* Project object */;
}
